
Microsoft Visual Studio Solution File, Format Version 12.00
# Visual Studio 15
Project("{FAE04EC0-301F-11D3-BF4B-00C04F79EFBC}") = "Restaurant-App", "Restaurant-App.csproj", "{57A54608-2B50-4C19-9A9E-934B6C3D22FD}"
EndProject
Project("{FAE04EC0-301F-11D3-BF4B-00C04F79EFBC}") = "Restaurant-App.Core", "Restaurant-App.Core\Restaurant-App.Core.csproj", "{778F2CB5-6D71-49F4-A9E5-F0D40FFC9D9C}"
EndProject
Global
	GlobalSection(SolutionConfigurationPlatforms) = preSolution
		Debug|Any CPU = Debug|Any CPU
		Release|Any CPU = Release|Any CPU
	EndGlobalSection
	GlobalSection(ProjectConfigurationPlatforms) = postSolution
		{57A54608-2B50-4C19-9A9E-934B6C3D22FD}.Debug|Any CPU.ActiveCfg = Debug|Any CPU
		{57A54608-2B50-4C19-9A9E-934B6C3D22FD}.Debug|Any CPU.Build.0 = Debug|Any CPU
		{57A54608-2B50-4C19-9A9E-934B6C3D22FD}.Release|Any CPU.ActiveCfg = Release|Any CPU
		{57A54608-2B50-4C19-9A9E-934B6C3D22FD}.Release|Any CPU.Build.0 = Release|Any CPU
		{778F2CB5-6D71-49F4-A9E5-F0D40FFC9D9C}.Debug|Any CPU.ActiveCfg = Debug|Any CPU
		{778F2CB5-6D71-49F4-A9E5-F0D40FFC9D9C}.Debug|Any CPU.Build.0 = Debug|Any CPU
		{778F2CB5-6D71-49F4-A9E5-F0D40FFC9D9C}.Release|Any CPU.ActiveCfg = Release|Any CPU
		{778F2CB5-6D71-49F4-A9E5-F0D40FFC9D9C}.Release|Any CPU.Build.0 = Release|Any CPU
	EndGlobalSection
EndGlobal
